
Microsoft Visual Studio Solution File, Format Version 12.00
# Blend for Visual Studio Version 17
VisualStudioVersion = 17.0.31912.275
MinimumVisualStudioVersion = 10.0.40219.1
Project("{9A19103F-16F7-4668-BE54-9A1E7A4F7556}") = "Sheditor", "Sheditor\Sheditor.csproj", "{8BC5B158-C1AF-4503-AFC8-E59C38AF1E0D}"
EndProject
Project("{9A19103F-16F7-4668-BE54-9A1E7A4F7556}") = "SheditorClient", "SheditorClient\SheditorClient.csproj", "{C138DC08-86D6-4BEC-BC6F-CAB5F7026209}"
EndProject
Project("{9A19103F-16F7-4668-BE54-9A1E7A4F7556}") = "OfflineEditor", "OfflineEditor\OfflineEditor.csproj", "{C5E10547-02DA-4881-9530-60B625612C95}"
EndProject
Global
	GlobalSection(SolutionConfigurationPlatforms) = preSolution
		Debug|Any CPU = Debug|Any CPU
		Release|Any CPU = Release|Any CPU
	EndGlobalSection
	GlobalSection(ProjectConfigurationPlatforms) = postSolution
		{8BC5B158-C1AF-4503-AFC8-E59C38AF1E0D}.Debug|Any CPU.ActiveCfg = Debug|Any CPU
		{8BC5B158-C1AF-4503-AFC8-E59C38AF1E0D}.Debug|Any CPU.Build.0 = Debug|Any CPU
		{8BC5B158-C1AF-4503-AFC8-E59C38AF1E0D}.Release|Any CPU.ActiveCfg = Release|Any CPU
		{8BC5B158-C1AF-4503-AFC8-E59C38AF1E0D}.Release|Any CPU.Build.0 = Release|Any CPU
		{C138DC08-86D6-4BEC-BC6F-CAB5F7026209}.Debug|Any CPU.ActiveCfg = Debug|Any CPU
		{C138DC08-86D6-4BEC-BC6F-CAB5F7026209}.Debug|Any CPU.Build.0 = Debug|Any CPU
		{C138DC08-86D6-4BEC-BC6F-CAB5F7026209}.Release|Any CPU.ActiveCfg = Release|Any CPU
		{C138DC08-86D6-4BEC-BC6F-CAB5F7026209}.Release|Any CPU.Build.0 = Release|Any CPU
		{C5E10547-02DA-4881-9530-60B625612C95}.Debug|Any CPU.ActiveCfg = Debug|Any CPU
		{C5E10547-02DA-4881-9530-60B625612C95}.Debug|Any CPU.Build.0 = Debug|Any CPU
		{C5E10547-02DA-4881-9530-60B625612C95}.Release|Any CPU.ActiveCfg = Release|Any CPU
		{C5E10547-02DA-4881-9530-60B625612C95}.Release|Any CPU.Build.0 = Release|Any CPU
	EndGlobalSection
	GlobalSection(SolutionProperties) = preSolution
		HideSolutionNode = FALSE
	EndGlobalSection
	GlobalSection(ExtensibilityGlobals) = postSolution
		SolutionGuid = {FD1E5147-109E-43C5-AF12-B95908907617}
	EndGlobalSection
EndGlobal
